
Microsoft Visual Studio Solution File, Format Version 12.00
# Visual Studio Version 17
VisualStudioVersion = 17.9.34622.214
MinimumVisualStudioVersion = 10.0.40219.1
Project("{FAE04EC0-301F-11D3-BF4B-00C04F79EFBC}") = "Tic-Tac-Toe Game", "Tic-Tac-Toe Game.csproj", "{587C899E-79D3-4BA6-B79D-B351E2373794}"
EndProject
Global
	GlobalSection(SolutionConfigurationPlatforms) = preSolution
		Debug|Any CPU = Debug|Any CPU
		Release|Any CPU = Release|Any CPU
	EndGlobalSection
	GlobalSection(ProjectConfigurationPlatforms) = postSolution
		{587C899E-79D3-4BA6-B79D-B351E2373794}.Debug|Any CPU.ActiveCfg = Debug|Any CPU
		{587C899E-79D3-4BA6-B79D-B351E2373794}.Debug|Any CPU.Build.0 = Debug|Any CPU
		{587C899E-79D3-4BA6-B79D-B351E2373794}.Release|Any CPU.ActiveCfg = Release|Any CPU
		{587C899E-79D3-4BA6-B79D-B351E2373794}.Release|Any CPU.Build.0 = Release|Any CPU
	EndGlobalSection
	GlobalSection(SolutionProperties) = preSolution
		HideSolutionNode = FALSE
	EndGlobalSection
	GlobalSection(ExtensibilityGlobals) = postSolution
		SolutionGuid = {8AA5BB73-8EAD-453E-92D2-53FB30EC8E10}
	EndGlobalSection
EndGlobal
